
Microsoft Visual Studio Solution File, Format Version 12.00
# Visual Studio Version 17
VisualStudioVersion = 17.9.34701.34
MinimumVisualStudioVersion = 10.0.40219.1
Project("{9A19103F-16F7-4668-BE54-9A1E7A4F7556}") = "Hunting_The_Manticore", "Hunting_The_Manticore\Hunting_The_Manticore.csproj", "{AFD0A47C-E943-4A06-93A7-6CDA5D9C9C6A}"
EndProject
Project("{9A19103F-16F7-4668-BE54-9A1E7A4F7556}") = "SimulasTest", "SimulasTest\SimulasTest.csproj", "{1A98D30C-1AB8-43D0-A3FB-B27BEB53D562}"
EndProject
Project("{9A19103F-16F7-4668-BE54-9A1E7A4F7556}") = "SimulasSoup", "SimulasSoup\SimulasSoup.csproj", "{C860E320-1BE7-43C8-BB84-88F3F8E67E5D}"
EndProject
Project("{9A19103F-16F7-4668-BE54-9A1E7A4F7556}") = "VinFletchersArrows", "VinFletchersArrows\VinFletchersArrows.csproj", "{405EBFC0-CB77-4B96-929F-625E0542F2CD}"
EndProject
Project("{9A19103F-16F7-4668-BE54-9A1E7A4F7556}") = "ThePoint", "ThePoint\ThePoint.csproj", "{25302C41-6F7B-4C0D-A535-AE002E8A352D}"
EndProject
Project("{9A19103F-16F7-4668-BE54-9A1E7A4F7556}") = "TheColor", "TheColor\TheColor.csproj", "{1295FCBD-1FFA-4050-B9F3-F1B93029C847}"
EndProject
Project("{FAE04EC0-301F-11D3-BF4B-00C04F79EFBC}") = "TheCard", "TheCard\TheCard.csproj", "{FEBB75BB-EF95-4C3B-AB23-1977FC791EF6}"
EndProject
Project("{FAE04EC0-301F-11D3-BF4B-00C04F79EFBC}") = "TheLockedDoor", "TheLockedDoor\TheLockedDoor.csproj", "{3F627BE4-F81C-4243-B329-4F325EB22EA6}"
EndProject
Project("{FAE04EC0-301F-11D3-BF4B-00C04F79EFBC}") = "ThePasswordValidator", "ThePasswordValidator\ThePasswordValidator.csproj", "{D995239F-4A2D-4D7A-992A-1DAA05A6300D}"
EndProject
Global
	GlobalSection(SolutionConfigurationPlatforms) = preSolution
		Debug|Any CPU = Debug|Any CPU
		Release|Any CPU = Release|Any CPU
	EndGlobalSection
	GlobalSection(ProjectConfigurationPlatforms) = postSolution
		{AFD0A47C-E943-4A06-93A7-6CDA5D9C9C6A}.Debug|Any CPU.ActiveCfg = Debug|Any CPU
		{AFD0A47C-E943-4A06-93A7-6CDA5D9C9C6A}.Debug|Any CPU.Build.0 = Debug|Any CPU
		{AFD0A47C-E943-4A06-93A7-6CDA5D9C9C6A}.Release|Any CPU.ActiveCfg = Release|Any CPU
		{AFD0A47C-E943-4A06-93A7-6CDA5D9C9C6A}.Release|Any CPU.Build.0 = Release|Any CPU
		{1A98D30C-1AB8-43D0-A3FB-B27BEB53D562}.Debug|Any CPU.ActiveCfg = Debug|Any CPU
		{1A98D30C-1AB8-43D0-A3FB-B27BEB53D562}.Debug|Any CPU.Build.0 = Debug|Any CPU
		{1A98D30C-1AB8-43D0-A3FB-B27BEB53D562}.Release|Any CPU.ActiveCfg = Release|Any CPU
		{1A98D30C-1AB8-43D0-A3FB-B27BEB53D562}.Release|Any CPU.Build.0 = Release|Any CPU
		{C860E320-1BE7-43C8-BB84-88F3F8E67E5D}.Debug|Any CPU.ActiveCfg = Debug|Any CPU
		{C860E320-1BE7-43C8-BB84-88F3F8E67E5D}.Debug|Any CPU.Build.0 = Debug|Any CPU
		{C860E320-1BE7-43C8-BB84-88F3F8E67E5D}.Release|Any CPU.ActiveCfg = Release|Any CPU
		{C860E320-1BE7-43C8-BB84-88F3F8E67E5D}.Release|Any CPU.Build.0 = Release|Any CPU
		{405EBFC0-CB77-4B96-929F-625E0542F2CD}.Debug|Any CPU.ActiveCfg = Debug|Any CPU
		{405EBFC0-CB77-4B96-929F-625E0542F2CD}.Debug|Any CPU.Build.0 = Debug|Any CPU
		{405EBFC0-CB77-4B96-929F-625E0542F2CD}.Release|Any CPU.ActiveCfg = Release|Any CPU
		{405EBFC0-CB77-4B96-929F-625E0542F2CD}.Release|Any CPU.Build.0 = Release|Any CPU
		{25302C41-6F7B-4C0D-A535-AE002E8A352D}.Debug|Any CPU.ActiveCfg = Debug|Any CPU
		{25302C41-6F7B-4C0D-A535-AE002E8A352D}.Debug|Any CPU.Build.0 = Debug|Any CPU
		{25302C41-6F7B-4C0D-A535-AE002E8A352D}.Release|Any CPU.ActiveCfg = Release|Any CPU
		{25302C41-6F7B-4C0D-A535-AE002E8A352D}.Release|Any CPU.Build.0 = Release|Any CPU
		{1295FCBD-1FFA-4050-B9F3-F1B93029C847}.Debug|Any CPU.ActiveCfg = Debug|Any CPU
		{1295FCBD-1FFA-4050-B9F3-F1B93029C847}.Debug|Any CPU.Build.0 = Debug|Any CPU
		{1295FCBD-1FFA-4050-B9F3-F1B93029C847}.Release|Any CPU.ActiveCfg = Release|Any CPU
		{1295FCBD-1FFA-4050-B9F3-F1B93029C847}.Release|Any CPU.Build.0 = Release|Any CPU
		{FEBB75BB-EF95-4C3B-AB23-1977FC791EF6}.Debug|Any CPU.ActiveCfg = Debug|Any CPU
		{FEBB75BB-EF95-4C3B-AB23-1977FC791EF6}.Debug|Any CPU.Build.0 = Debug|Any CPU
		{FEBB75BB-EF95-4C3B-AB23-1977FC791EF6}.Release|Any CPU.ActiveCfg = Release|Any CPU
		{FEBB75BB-EF95-4C3B-AB23-1977FC791EF6}.Release|Any CPU.Build.0 = Release|Any CPU
		{3F627BE4-F81C-4243-B329-4F325EB22EA6}.Debug|Any CPU.ActiveCfg = Debug|Any CPU
		{3F627BE4-F81C-4243-B329-4F325EB22EA6}.Debug|Any CPU.Build.0 = Debug|Any CPU
		{3F627BE4-F81C-4243-B329-4F325EB22EA6}.Release|Any CPU.ActiveCfg = Release|Any CPU
		{3F627BE4-F81C-4243-B329-4F325EB22EA6}.Release|Any CPU.Build.0 = Release|Any CPU
		{D995239F-4A2D-4D7A-992A-1DAA05A6300D}.Debug|Any CPU.ActiveCfg = Debug|Any CPU
		{D995239F-4A2D-4D7A-992A-1DAA05A6300D}.Debug|Any CPU.Build.0 = Debug|Any CPU
		{D995239F-4A2D-4D7A-992A-1DAA05A6300D}.Release|Any CPU.ActiveCfg = Release|Any CPU
		{D995239F-4A2D-4D7A-992A-1DAA05A6300D}.Release|Any CPU.Build.0 = Release|Any CPU
	EndGlobalSection
	GlobalSection(SolutionProperties) = preSolution
		HideSolutionNode = FALSE
	EndGlobalSection
	GlobalSection(ExtensibilityGlobals) = postSolution
		SolutionGuid = {55B2F37B-F20F-436C-A447-409BE3E63988}
	EndGlobalSection
EndGlobal
