
Microsoft Visual Studio Solution File, Format Version 12.00
# Visual Studio Version 17
VisualStudioVersion = 17.9.34701.34
MinimumVisualStudioVersion = 10.0.40219.1
Project("{9A19103F-16F7-4668-BE54-9A1E7A4F7556}") = "BB_HuntingTheManticore", "Hunting_The_Manticore\BB_HuntingTheManticore.csproj", "{AFD0A47C-E943-4A06-93A7-6CDA5D9C9C6A}"
EndProject
Project("{9A19103F-16F7-4668-BE54-9A1E7A4F7556}") = "SimulasTest", "SimulasTest\SimulasTest.csproj", "{1A98D30C-1AB8-43D0-A3FB-B27BEB53D562}"
EndProject
Project("{9A19103F-16F7-4668-BE54-9A1E7A4F7556}") = "SimulasSoup", "SimulasSoup\SimulasSoup.csproj", "{C860E320-1BE7-43C8-BB84-88F3F8E67E5D}"
EndProject
Project("{9A19103F-16F7-4668-BE54-9A1E7A4F7556}") = "VinFletchersArrows", "VinFletchersArrows\VinFletchersArrows.csproj", "{405EBFC0-CB77-4B96-929F-625E0542F2CD}"
EndProject
Project("{9A19103F-16F7-4668-BE54-9A1E7A4F7556}") = "ThePoint", "ThePoint\ThePoint.csproj", "{25302C41-6F7B-4C0D-A535-AE002E8A352D}"
EndProject
Project("{9A19103F-16F7-4668-BE54-9A1E7A4F7556}") = "TheColor", "TheColor\TheColor.csproj", "{1295FCBD-1FFA-4050-B9F3-F1B93029C847}"
EndProject
Project("{9A19103F-16F7-4668-BE54-9A1E7A4F7556}") = "TheCard", "TheCard\TheCard.csproj", "{FEBB75BB-EF95-4C3B-AB23-1977FC791EF6}"
EndProject
Project("{9A19103F-16F7-4668-BE54-9A1E7A4F7556}") = "TheLockedDoor", "TheLockedDoor\TheLockedDoor.csproj", "{3F627BE4-F81C-4243-B329-4F325EB22EA6}"
EndProject
Project("{9A19103F-16F7-4668-BE54-9A1E7A4F7556}") = "ThePasswordValidator", "ThePasswordValidator\ThePasswordValidator.csproj", "{D995239F-4A2D-4D7A-992A-1DAA05A6300D}"
EndProject
Project("{9A19103F-16F7-4668-BE54-9A1E7A4F7556}") = "TicTacToe", "TicTacToe\TicTacToe.csproj", "{23EE0EAF-CF33-4D47-88FC-25B3430452C6}"
EndProject
Project("{9A19103F-16F7-4668-BE54-9A1E7A4F7556}") = "PackingInventory", "PackingInventory\PackingInventory.csproj", "{32FFF5CF-F606-48D3-A47D-3C662CF78211}"
EndProject
Project("{9A19103F-16F7-4668-BE54-9A1E7A4F7556}") = "TheOldRobot", "TheOldRobot\TheOldRobot.csproj", "{41813566-3BD5-46A1-BBA7-7F84790AA196}"
EndProject
Project("{9A19103F-16F7-4668-BE54-9A1E7A4F7556}") = "RoomCoordinates", "RoomCoordinates\RoomCoordinates.csproj", "{3311C251-8446-421A-B90A-645D24E1C594}"
EndProject
Project("{9A19103F-16F7-4668-BE54-9A1E7A4F7556}") = "WarPreperations", "WarPreperations\WarPreperations.csproj", "{D2123B7A-A054-4F37-91BE-0A71F129D0F9}"
EndProject
Project("{9A19103F-16F7-4668-BE54-9A1E7A4F7556}") = "ColoredItems", "ColoredItems\ColoredItems.csproj", "{DB6A2796-AF34-4340-89BE-9892974073C3}"
EndProject
Project("{FAE04EC0-301F-11D3-BF4B-00C04F79EFBC}") = "BB_FountainOfObjects", "BB_FountainOfObjects\BB_FountainOfObjects.csproj", "{BBBE4C7A-D59A-47F1-B29D-618A0095E6FF}"
EndProject
Global
	GlobalSection(SolutionConfigurationPlatforms) = preSolution
		Debug|Any CPU = Debug|Any CPU
		Release|Any CPU = Release|Any CPU
	EndGlobalSection
	GlobalSection(ProjectConfigurationPlatforms) = postSolution
		{AFD0A47C-E943-4A06-93A7-6CDA5D9C9C6A}.Debug|Any CPU.ActiveCfg = Debug|Any CPU
		{AFD0A47C-E943-4A06-93A7-6CDA5D9C9C6A}.Debug|Any CPU.Build.0 = Debug|Any CPU
		{AFD0A47C-E943-4A06-93A7-6CDA5D9C9C6A}.Release|Any CPU.ActiveCfg = Release|Any CPU
		{AFD0A47C-E943-4A06-93A7-6CDA5D9C9C6A}.Release|Any CPU.Build.0 = Release|Any CPU
		{1A98D30C-1AB8-43D0-A3FB-B27BEB53D562}.Debug|Any CPU.ActiveCfg = Debug|Any CPU
		{1A98D30C-1AB8-43D0-A3FB-B27BEB53D562}.Debug|Any CPU.Build.0 = Debug|Any CPU
		{1A98D30C-1AB8-43D0-A3FB-B27BEB53D562}.Release|Any CPU.ActiveCfg = Release|Any CPU
		{1A98D30C-1AB8-43D0-A3FB-B27BEB53D562}.Release|Any CPU.Build.0 = Release|Any CPU
		{C860E320-1BE7-43C8-BB84-88F3F8E67E5D}.Debug|Any CPU.ActiveCfg = Debug|Any CPU
		{C860E320-1BE7-43C8-BB84-88F3F8E67E5D}.Debug|Any CPU.Build.0 = Debug|Any CPU
		{C860E320-1BE7-43C8-BB84-88F3F8E67E5D}.Release|Any CPU.ActiveCfg = Release|Any CPU
		{C860E320-1BE7-43C8-BB84-88F3F8E67E5D}.Release|Any CPU.Build.0 = Release|Any CPU
		{405EBFC0-CB77-4B96-929F-625E0542F2CD}.Debug|Any CPU.ActiveCfg = Debug|Any CPU
		{405EBFC0-CB77-4B96-929F-625E0542F2CD}.Debug|Any CPU.Build.0 = Debug|Any CPU
		{405EBFC0-CB77-4B96-929F-625E0542F2CD}.Release|Any CPU.ActiveCfg = Release|Any CPU
		{405EBFC0-CB77-4B96-929F-625E0542F2CD}.Release|Any CPU.Build.0 = Release|Any CPU
		{25302C41-6F7B-4C0D-A535-AE002E8A352D}.Debug|Any CPU.ActiveCfg = Debug|Any CPU
		{25302C41-6F7B-4C0D-A535-AE002E8A352D}.Debug|Any CPU.Build.0 = Debug|Any CPU
		{25302C41-6F7B-4C0D-A535-AE002E8A352D}.Release|Any CPU.ActiveCfg = Release|Any CPU
		{25302C41-6F7B-4C0D-A535-AE002E8A352D}.Release|Any CPU.Build.0 = Release|Any CPU
		{1295FCBD-1FFA-4050-B9F3-F1B93029C847}.Debug|Any CPU.ActiveCfg = Debug|Any CPU
		{1295FCBD-1FFA-4050-B9F3-F1B93029C847}.Debug|Any CPU.Build.0 = Debug|Any CPU
		{1295FCBD-1FFA-4050-B9F3-F1B93029C847}.Release|Any CPU.ActiveCfg = Release|Any CPU
		{1295FCBD-1FFA-4050-B9F3-F1B93029C847}.Release|Any CPU.Build.0 = Release|Any CPU
		{FEBB75BB-EF95-4C3B-AB23-1977FC791EF6}.Debug|Any CPU.ActiveCfg = Debug|Any CPU
		{FEBB75BB-EF95-4C3B-AB23-1977FC791EF6}.Debug|Any CPU.Build.0 = Debug|Any CPU
		{FEBB75BB-EF95-4C3B-AB23-1977FC791EF6}.Release|Any CPU.ActiveCfg = Release|Any CPU
		{FEBB75BB-EF95-4C3B-AB23-1977FC791EF6}.Release|Any CPU.Build.0 = Release|Any CPU
		{3F627BE4-F81C-4243-B329-4F325EB22EA6}.Debug|Any CPU.ActiveCfg = Debug|Any CPU
		{3F627BE4-F81C-4243-B329-4F325EB22EA6}.Debug|Any CPU.Build.0 = Debug|Any CPU
		{3F627BE4-F81C-4243-B329-4F325EB22EA6}.Release|Any CPU.ActiveCfg = Release|Any CPU
		{3F627BE4-F81C-4243-B329-4F325EB22EA6}.Release|Any CPU.Build.0 = Release|Any CPU
		{D995239F-4A2D-4D7A-992A-1DAA05A6300D}.Debug|Any CPU.ActiveCfg = Debug|Any CPU
		{D995239F-4A2D-4D7A-992A-1DAA05A6300D}.Debug|Any CPU.Build.0 = Debug|Any CPU
		{D995239F-4A2D-4D7A-992A-1DAA05A6300D}.Release|Any CPU.ActiveCfg = Release|Any CPU
		{D995239F-4A2D-4D7A-992A-1DAA05A6300D}.Release|Any CPU.Build.0 = Release|Any CPU
		{23EE0EAF-CF33-4D47-88FC-25B3430452C6}.Debug|Any CPU.ActiveCfg = Debug|Any CPU
		{23EE0EAF-CF33-4D47-88FC-25B3430452C6}.Debug|Any CPU.Build.0 = Debug|Any CPU
		{23EE0EAF-CF33-4D47-88FC-25B3430452C6}.Release|Any CPU.ActiveCfg = Release|Any CPU
		{23EE0EAF-CF33-4D47-88FC-25B3430452C6}.Release|Any CPU.Build.0 = Release|Any CPU
		{32FFF5CF-F606-48D3-A47D-3C662CF78211}.Debug|Any CPU.ActiveCfg = Debug|Any CPU
		{32FFF5CF-F606-48D3-A47D-3C662CF78211}.Debug|Any CPU.Build.0 = Debug|Any CPU
		{32FFF5CF-F606-48D3-A47D-3C662CF78211}.Release|Any CPU.ActiveCfg = Release|Any CPU
		{32FFF5CF-F606-48D3-A47D-3C662CF78211}.Release|Any CPU.Build.0 = Release|Any CPU
		{41813566-3BD5-46A1-BBA7-7F84790AA196}.Debug|Any CPU.ActiveCfg = Debug|Any CPU
		{41813566-3BD5-46A1-BBA7-7F84790AA196}.Debug|Any CPU.Build.0 = Debug|Any CPU
		{41813566-3BD5-46A1-BBA7-7F84790AA196}.Release|Any CPU.ActiveCfg = Release|Any CPU
		{41813566-3BD5-46A1-BBA7-7F84790AA196}.Release|Any CPU.Build.0 = Release|Any CPU
		{3311C251-8446-421A-B90A-645D24E1C594}.Debug|Any CPU.ActiveCfg = Debug|Any CPU
		{3311C251-8446-421A-B90A-645D24E1C594}.Debug|Any CPU.Build.0 = Debug|Any CPU
		{3311C251-8446-421A-B90A-645D24E1C594}.Release|Any CPU.ActiveCfg = Release|Any CPU
		{3311C251-8446-421A-B90A-645D24E1C594}.Release|Any CPU.Build.0 = Release|Any CPU
		{D2123B7A-A054-4F37-91BE-0A71F129D0F9}.Debug|Any CPU.ActiveCfg = Debug|Any CPU
		{D2123B7A-A054-4F37-91BE-0A71F129D0F9}.Debug|Any CPU.Build.0 = Debug|Any CPU
		{D2123B7A-A054-4F37-91BE-0A71F129D0F9}.Release|Any CPU.ActiveCfg = Release|Any CPU
		{D2123B7A-A054-4F37-91BE-0A71F129D0F9}.Release|Any CPU.Build.0 = Release|Any CPU
		{DB6A2796-AF34-4340-89BE-9892974073C3}.Debug|Any CPU.ActiveCfg = Debug|Any CPU
		{DB6A2796-AF34-4340-89BE-9892974073C3}.Debug|Any CPU.Build.0 = Debug|Any CPU
		{DB6A2796-AF34-4340-89BE-9892974073C3}.Release|Any CPU.ActiveCfg = Release|Any CPU
		{DB6A2796-AF34-4340-89BE-9892974073C3}.Release|Any CPU.Build.0 = Release|Any CPU
		{BBBE4C7A-D59A-47F1-B29D-618A0095E6FF}.Debug|Any CPU.ActiveCfg = Debug|Any CPU
		{BBBE4C7A-D59A-47F1-B29D-618A0095E6FF}.Debug|Any CPU.Build.0 = Debug|Any CPU
		{BBBE4C7A-D59A-47F1-B29D-618A0095E6FF}.Release|Any CPU.ActiveCfg = Release|Any CPU
		{BBBE4C7A-D59A-47F1-B29D-618A0095E6FF}.Release|Any CPU.Build.0 = Release|Any CPU
	EndGlobalSection
	GlobalSection(SolutionProperties) = preSolution
		HideSolutionNode = FALSE
	EndGlobalSection
	GlobalSection(ExtensibilityGlobals) = postSolution
		SolutionGuid = {55B2F37B-F20F-436C-A447-409BE3E63988}
	EndGlobalSection
EndGlobal
